
Microsoft Visual Studio Solution File, Format Version 12.00
# Visual Studio Version 17
VisualStudioVersion = 17.11.35303.130
MinimumVisualStudioVersion = 10.0.40219.1
Project("{FAE04EC0-301F-11D3-BF4B-00C04F79EFBC}") = "IO_B", "IO_B.csproj", "{975DC180-3CA4-4141-A974-43F3A5D62CF1}"
EndProject
Global
	GlobalSection(SolutionConfigurationPlatforms) = preSolution
		Debug|Any CPU = Debug|Any CPU
		Release|Any CPU = Release|Any CPU
	EndGlobalSection
	GlobalSection(ProjectConfigurationPlatforms) = postSolution
		{975DC180-3CA4-4141-A974-43F3A5D62CF1}.Debug|Any CPU.ActiveCfg = Debug|Any CPU
		{975DC180-3CA4-4141-A974-43F3A5D62CF1}.Debug|Any CPU.Build.0 = Debug|Any CPU
		{975DC180-3CA4-4141-A974-43F3A5D62CF1}.Release|Any CPU.ActiveCfg = Release|Any CPU
		{975DC180-3CA4-4141-A974-43F3A5D62CF1}.Release|Any CPU.Build.0 = Release|Any CPU
	EndGlobalSection
	GlobalSection(SolutionProperties) = preSolution
		HideSolutionNode = FALSE
	EndGlobalSection
	GlobalSection(ExtensibilityGlobals) = postSolution
		SolutionGuid = {830695EC-56B5-4FF0-B986-AD794C6B5D15}
	EndGlobalSection
EndGlobal
